
Microsoft Visual Studio Solution File, Format Version 12.00
# Visual Studio Version 16
VisualStudioVersion = 16.0.31005.135
MinimumVisualStudioVersion = 10.0.40219.1
Project("{FAE04EC0-301F-11D3-BF4B-00C04F79EFBC}") = "Frobenius", "Frobenius\Frobenius.csproj", "{29196949-FD04-4EBA-AA30-E1CE2E2C497C}"
EndProject
Global
	GlobalSection(SolutionConfigurationPlatforms) = preSolution
		Debug|Any CPU = Debug|Any CPU
		Release|Any CPU = Release|Any CPU
	EndGlobalSection
	GlobalSection(ProjectConfigurationPlatforms) = postSolution
		{29196949-FD04-4EBA-AA30-E1CE2E2C497C}.Debug|Any CPU.ActiveCfg = Debug|Any CPU
		{29196949-FD04-4EBA-AA30-E1CE2E2C497C}.Debug|Any CPU.Build.0 = Debug|Any CPU
		{29196949-FD04-4EBA-AA30-E1CE2E2C497C}.Release|Any CPU.ActiveCfg = Release|Any CPU
		{29196949-FD04-4EBA-AA30-E1CE2E2C497C}.Release|Any CPU.Build.0 = Release|Any CPU
	EndGlobalSection
	GlobalSection(SolutionProperties) = preSolution
		HideSolutionNode = FALSE
	EndGlobalSection
	GlobalSection(ExtensibilityGlobals) = postSolution
		SolutionGuid = {E52B938C-004B-48BB-99D0-B74AD1036081}
	EndGlobalSection
EndGlobal
